
Microsoft Visual Studio Solution File, Format Version 12.00
# Visual Studio Version 17
VisualStudioVersion = 17.10.35027.167
MinimumVisualStudioVersion = 10.0.40219.1
Project("{FAE04EC0-301F-11D3-BF4B-00C04F79EFBC}") = "WindowsFormsApp1", "WindowsFormsApp1.csproj", "{996D4D5F-CAAF-4F16-A243-FE77B3CEC12C}"
EndProject
Global
	GlobalSection(SolutionConfigurationPlatforms) = preSolution
		Debug|Any CPU = Debug|Any CPU
		Release|Any CPU = Release|Any CPU
	EndGlobalSection
	GlobalSection(ProjectConfigurationPlatforms) = postSolution
		{996D4D5F-CAAF-4F16-A243-FE77B3CEC12C}.Debug|Any CPU.ActiveCfg = Debug|Any CPU
		{996D4D5F-CAAF-4F16-A243-FE77B3CEC12C}.Debug|Any CPU.Build.0 = Debug|Any CPU
		{996D4D5F-CAAF-4F16-A243-FE77B3CEC12C}.Release|Any CPU.ActiveCfg = Release|Any CPU
		{996D4D5F-CAAF-4F16-A243-FE77B3CEC12C}.Release|Any CPU.Build.0 = Release|Any CPU
	EndGlobalSection
	GlobalSection(SolutionProperties) = preSolution
		HideSolutionNode = FALSE
	EndGlobalSection
	GlobalSection(ExtensibilityGlobals) = postSolution
		SolutionGuid = {70A1B555-5793-425B-B694-09D7A536FDB7}
	EndGlobalSection
EndGlobal
